PODS:
  - airwatch_socket_workaround (0.0.1):
    - Flutter
  - Flutter (1.0.0)

DEPENDENCIES:
  - airwatch_socket_workaround (from `.symlinks/plugins/airwatch_socket_workaround/ios`)
  - Flutter (from `Flutter`)

EXTERNAL SOURCES:
  airwatch_socket_workaround:
    :path: ".symlinks/plugins/airwatch_socket_workaround/ios"
  Flutter:
    :path: Flutter

SPEC CHECKSUMS:
  airwatch_socket_workaround: c674a70efc0a34625025a490a94acda6956da34a
  Flutter: 434fef37c0980e73bb6479ef766c45957d4b510c

PODFILE CHECKSUM: aafe91acc616949ddb318b77800a7f51bffa2a4c

COCOAPODS: 1.10.1
